lockfileVersion: '9.0'

settings:
  autoInstallPeers: true
  excludeLinksFromLockfile: false

importers:

  .:
    dependencies:
      '@tailwindcss/vite':
        specifier: ^4.0.1
        version: 4.0.1(vite@6.0.11(jiti@2.4.2)(lightningcss@1.29.1))
      '@tauri-apps/api':
        specifier: ^2
        version: 2.2.0
      '@tauri-apps/plugin-opener':
        specifier: ^2
        version: 2.2.5
      react:
        specifier: ^18.3.1
        version: 18.3.1
      react-dom:
        specifier: ^18.3.1
        version: 18.3.1(react@18.3.1)
      tailwindcss:
        specifier: ^4.0.1
        version: 4.0.1
    devDependencies:
      '@tauri-apps/cli':
        specifier: ^2
        version: 2.2.7
      '@types/react':
        specifier: ^18.3.1
        version: 18.3.18
      '@types/react-dom':
        specifier: ^18.3.1
        version: 18.3.5(@types/react@18.3.18)
      '@vitejs/plugin-react-swc':
        specifier: ^3.5.0
        version: 3.7.2(vite@6.0.11(jiti@2.4.2)(lightningcss@1.29.1))
      typescript:
        specifier: ~5.6.2
        version: 5.6.3
      vite:
        specifier: ^6.0.3
        version: 6.0.11(jiti@2.4.2)(lightningcss@1.29.1)

packages:

  '@esbuild/aix-ppc64@0.24.2':
    resolution: {integrity: sha512-thpVCb/rhxE/BnMLQ7GReQLLN8q9qbHmI55F4489/ByVg2aQaQ6kbcLb6FHkocZzQhxc4gx0sCk0tJkKBFzDhA==}
    engines: {node: '>=18'}
    cpu: [ppc64]
    os: [aix]

  '@esbuild/android-arm64@0.24.2':
    resolution: {integrity: sha512-cNLgeqCqV8WxfcTIOeL4OAtSmL8JjcN6m09XIgro1Wi7cF4t/THaWEa7eL5CMoMBdjoHOTh/vwTO/o2TRXIyzg==}
    engines: {node: '>=18'}
    cpu: [arm64]
    os: [android]

  '@esbuild/android-arm@0.24.2':
    resolution: {integrity: sha512-tmwl4hJkCfNHwFB3nBa8z1Uy3ypZpxqxfTQOcHX+xRByyYgunVbZ9MzUUfb0RxaHIMnbHagwAxuTL+tnNM+1/Q==}
    engines: {node: '>=18'}
    cpu: [arm]
    os: [android]

  '@esbuild/android-x64@0.24.2':
    resolution: {integrity: sha512-B6Q0YQDqMx9D7rvIcsXfmJfvUYLoP722bgfBlO5cGvNVb5V/+Y7nhBE3mHV9OpxBf4eAS2S68KZztiPaWq4XYw==}
    engines: {node: '>=18'}
    cpu: [x64]
    os: [android]

  '@esbuild/darwin-arm64@0.24.2':
    resolution: {integrity: sha512-kj3AnYWc+CekmZnS5IPu9D+HWtUI49hbnyqk0FLEJDbzCIQt7hg7ucF1SQAilhtYpIujfaHr6O0UHlzzSPdOeA==}
    engines: {node: '>=18'}
    cpu: [arm64]
    os: [darwin]

  '@esbuild/darwin-x64@0.24.2':
    resolution: {integrity: sha512-WeSrmwwHaPkNR5H3yYfowhZcbriGqooyu3zI/3GGpF8AyUdsrrP0X6KumITGA9WOyiJavnGZUwPGvxvwfWPHIA==}
    engines: {node: '>=18'}
    cpu: [x64]
    os: [darwin]

  '@esbuild/freebsd-arm64@0.24.2':
    resolution: {integrity: sha512-UN8HXjtJ0k/Mj6a9+5u6+2eZ2ERD7Edt1Q9IZiB5UZAIdPnVKDoG7mdTVGhHJIeEml60JteamR3qhsr1r8gXvg==}
    engines: {node: '>=18'}
    cpu: [arm64]
    os: [freebsd]

  '@esbuild/freebsd-x64@0.24.2':
    resolution: {integrity: sha512-TvW7wE/89PYW+IevEJXZ5sF6gJRDY/14hyIGFXdIucxCsbRmLUcjseQu1SyTko+2idmCw94TgyaEZi9HUSOe3Q==}
    engines: {node: '>=18'}
    cpu: [x64]
    os: [freebsd]

  '@esbuild/linux-arm64@0.24.2':
    resolution: {integrity: sha512-7HnAD6074BW43YvvUmE/35Id9/NB7BeX5EoNkK9obndmZBUk8xmJJeU7DwmUeN7tkysslb2eSl6CTrYz6oEMQg==}
    engines: {node: '>=18'}
    cpu: [arm64]
    os: [linux]

  '@esbuild/linux-arm@0.24.2':
    resolution: {integrity: sha512-n0WRM/gWIdU29J57hJyUdIsk0WarGd6To0s+Y+LwvlC55wt+GT/OgkwoXCXvIue1i1sSNWblHEig00GBWiJgfA==}
    engines: {node: '>=18'}
    cpu: [arm]
    os: [linux]

  '@esbuild/linux-ia32@0.24.2':
    resolution: {integrity: sha512-sfv0tGPQhcZOgTKO3oBE9xpHuUqguHvSo4jl+wjnKwFpapx+vUDcawbwPNuBIAYdRAvIDBfZVvXprIj3HA+Ugw==}
    engines: {node: '>=18'}
    cpu: [ia32]
    os: [linux]

  '@esbuild/linux-loong64@0.24.2':
    resolution: {integrity: sha512-CN9AZr8kEndGooS35ntToZLTQLHEjtVB5n7dl8ZcTZMonJ7CCfStrYhrzF97eAecqVbVJ7APOEe18RPI4KLhwQ==}
    engines: {node: '>=18'}
    cpu: [loong64]
    os: [linux]

  '@esbuild/linux-mips64el@0.24.2':
    resolution: {integrity: sha512-iMkk7qr/wl3exJATwkISxI7kTcmHKE+BlymIAbHO8xanq/TjHaaVThFF6ipWzPHryoFsesNQJPE/3wFJw4+huw==}
    engines: {node: '>=18'}
    cpu: [mips64el]
    os: [linux]

  '@esbuild/linux-ppc64@0.24.2':
    resolution: {integrity: sha512-shsVrgCZ57Vr2L8mm39kO5PPIb+843FStGt7sGGoqiiWYconSxwTiuswC1VJZLCjNiMLAMh34jg4VSEQb+iEbw==}
    engines: {node: '>=18'}
    cpu: [ppc64]
    os: [linux]

  '@esbuild/linux-riscv64@0.24.2':
    resolution: {integrity: sha512-4eSFWnU9Hhd68fW16GD0TINewo1L6dRrB+oLNNbYyMUAeOD2yCK5KXGK1GH4qD/kT+bTEXjsyTCiJGHPZ3eM9Q==}
    engines: {node: '>=18'}
    cpu: [riscv64]
    os: [linux]

  '@esbuild/linux-s390x@0.24.2':
    resolution: {integrity: sha512-S0Bh0A53b0YHL2XEXC20bHLuGMOhFDO6GN4b3YjRLK//Ep3ql3erpNcPlEFed93hsQAjAQDNsvcK+hV90FubSw==}
    engines: {node: '>=18'}
    cpu: [s390x]
    os: [linux]

  '@esbuild/linux-x64@0.24.2':
    resolution: {integrity: sha512-8Qi4nQcCTbLnK9WoMjdC9NiTG6/E38RNICU6sUNqK0QFxCYgoARqVqxdFmWkdonVsvGqWhmm7MO0jyTqLqwj0Q==}
    engines: {node: '>=18'}
    cpu: [x64]
    os: [linux]

  '@esbuild/netbsd-arm64@0.24.2':
    resolution: {integrity: sha512-wuLK/VztRRpMt9zyHSazyCVdCXlpHkKm34WUyinD2lzK07FAHTq0KQvZZlXikNWkDGoT6x3TD51jKQ7gMVpopw==}
    engines: {node: '>=18'}
    cpu: [arm64]
    os: [netbsd]

  '@esbuild/netbsd-x64@0.24.2':
    resolution: {integrity: sha512-VefFaQUc4FMmJuAxmIHgUmfNiLXY438XrL4GDNV1Y1H/RW3qow68xTwjZKfj/+Plp9NANmzbH5R40Meudu8mmw==}
    engines: {node: '>=18'}
    cpu: [x64]
    os: [netbsd]

  '@esbuild/openbsd-arm64@0.24.2':
    resolution: {integrity: sha512-YQbi46SBct6iKnszhSvdluqDmxCJA+Pu280Av9WICNwQmMxV7nLRHZfjQzwbPs3jeWnuAhE9Jy0NrnJ12Oz+0A==}
    engines: {node: '>=18'}
    cpu: [arm64]
    os: [openbsd]

  '@esbuild/openbsd-x64@0.24.2':
    resolution: {integrity: sha512-+iDS6zpNM6EnJyWv0bMGLWSWeXGN/HTaF/LXHXHwejGsVi+ooqDfMCCTerNFxEkM3wYVcExkeGXNqshc9iMaOA==}
    engines: {node: '>=18'}
    cpu: [x64]
    os: [openbsd]

  '@esbuild/sunos-x64@0.24.2':
    resolution: {integrity: sha512-hTdsW27jcktEvpwNHJU4ZwWFGkz2zRJUz8pvddmXPtXDzVKTTINmlmga3ZzwcuMpUvLw7JkLy9QLKyGpD2Yxig==}
    engines: {node: '>=18'}
    cpu: [x64]
    os: [sunos]

  '@esbuild/win32-arm64@0.24.2':
    resolution: {integrity: sha512-LihEQ2BBKVFLOC9ZItT9iFprsE9tqjDjnbulhHoFxYQtQfai7qfluVODIYxt1PgdoyQkz23+01rzwNwYfutxUQ==}
    engines: {node: '>=18'}
    cpu: [arm64]
    os: [win32]

  '@esbuild/win32-ia32@0.24.2':
    resolution: {integrity: sha512-q+iGUwfs8tncmFC9pcnD5IvRHAzmbwQ3GPS5/ceCyHdjXubwQWI12MKWSNSMYLJMq23/IUCvJMS76PDqXe1fxA==}
    engines: {node: '>=18'}
    cpu: [ia32]
    os: [win32]

  '@esbuild/win32-x64@0.24.2':
    resolution: {integrity: sha512-7VTgWzgMGvup6aSqDPLiW5zHaxYJGTO4OokMjIlrCtf+VpEL+cXKtCvg723iguPYI5oaUNdS+/V7OU2gvXVWEg==}
    engines: {node: '>=18'}
    cpu: [x64]
    os: [win32]

  '@rollup/rollup-android-arm-eabi@4.32.1':
    resolution: {integrity: sha512-/pqA4DmqyCm8u5YIDzIdlLcEmuvxb0v8fZdFhVMszSpDTgbQKdw3/mB3eMUHIbubtJ6F9j+LtmyCnHTEqIHyzA==}
    cpu: [arm]
    os: [android]

  '@rollup/rollup-android-arm64@4.32.1':
    resolution: {integrity: sha512-If3PDskT77q7zgqVqYuj7WG3WC08G1kwXGVFi9Jr8nY6eHucREHkfpX79c0ACAjLj3QIWKPJR7w4i+f5EdLH5Q==}
    cpu: [arm64]
    os: [android]

  '@rollup/rollup-darwin-arm64@4.32.1':
    resolution: {integrity: sha512-zCpKHioQ9KgZToFp5Wvz6zaWbMzYQ2LJHQ+QixDKq52KKrF65ueu6Af4hLlLWHjX1Wf/0G5kSJM9PySW9IrvHA==}
    cpu: [arm64]
    os: [darwin]

  '@rollup/rollup-darwin-x64@4.32.1':
    resolution: {integrity: sha512-sFvF+t2+TyUo/ZQqUcifrJIgznx58oFZbdHS9TvHq3xhPVL9nOp+yZ6LKrO9GWTP+6DbFtoyLDbjTpR62Mbr3Q==}
    cpu: [x64]
    os: [darwin]

  '@rollup/rollup-freebsd-arm64@4.32.1':
    resolution: {integrity: sha512-NbOa+7InvMWRcY9RG+B6kKIMD/FsnQPH0MWUvDlQB1iXnF/UcKSudCXZtv4lW+C276g3w5AxPbfry5rSYvyeYA==}
    cpu: [arm64]
    os: [freebsd]

  '@rollup/rollup-freebsd-x64@4.32.1':
    resolution: {integrity: sha512-JRBRmwvHPXR881j2xjry8HZ86wIPK2CcDw0EXchE1UgU0ubWp9nvlT7cZYKc6bkypBt745b4bglf3+xJ7hXWWw==}
    cpu: [x64]
    os: [freebsd]

  '@rollup/rollup-linux-arm-gnueabihf@4.32.1':
    resolution: {integrity: sha512-PKvszb+9o/vVdUzCCjL0sKHukEQV39tD3fepXxYrHE3sTKrRdCydI7uldRLbjLmDA3TFDmh418XH19NOsDRH8g==}
    cpu: [arm]
    os: [linux]
    libc: [glibc]

  '@rollup/rollup-linux-arm-musleabihf@4.32.1':
    resolution: {integrity: sha512-9WHEMV6Y89eL606ReYowXuGF1Yb2vwfKWKdD1A5h+OYnPZSJvxbEjxTRKPgi7tkP2DSnW0YLab1ooy+i/FQp/Q==}
    cpu: [arm]
    os: [linux]
    libc: [musl]

  '@rollup/rollup-linux-arm64-gnu@4.32.1':
    resolution: {integrity: sha512-tZWc9iEt5fGJ1CL2LRPw8OttkCBDs+D8D3oEM8mH8S1ICZCtFJhD7DZ3XMGM8kpqHvhGUTvNUYVDnmkj4BDXnw==}
    cpu: [arm64]
    os: [linux]
    libc: [glibc]

  '@rollup/rollup-linux-arm64-musl@4.32.1':
    resolution: {integrity: sha512-FTYc2YoTWUsBz5GTTgGkRYYJ5NGJIi/rCY4oK/I8aKowx1ToXeoVVbIE4LGAjsauvlhjfl0MYacxClLld1VrOw==}
    cpu: [arm64]
    os: [linux]
    libc: [musl]

  '@rollup/rollup-linux-loongarch64-gnu@4.32.1':
    resolution: {integrity: sha512-F51qLdOtpS6P1zJVRzYM0v6MrBNypyPEN1GfMiz0gPu9jN8ScGaEFIZQwteSsGKg799oR5EaP7+B2jHgL+d+Kw==}
    cpu: [loong64]
    os: [linux]
    libc: [glibc]

  '@rollup/rollup-linux-powerpc64le-gnu@4.32.1':
    resolution: {integrity: sha512-wO0WkfSppfX4YFm5KhdCCpnpGbtgQNj/tgvYzrVYFKDpven8w2N6Gg5nB6w+wAMO3AIfSTWeTjfVe+uZ23zAlg==}
    cpu: [ppc64]
    os: [linux]
    libc: [glibc]

  '@rollup/rollup-linux-riscv64-gnu@4.32.1':
    resolution: {integrity: sha512-iWswS9cIXfJO1MFYtI/4jjlrGb/V58oMu4dYJIKnR5UIwbkzR0PJ09O0PDZT0oJ3LYWXBSWahNf/Mjo6i1E5/g==}
    cpu: [riscv64]
    os: [linux]
    libc: [glibc]

  '@rollup/rollup-linux-s390x-gnu@4.32.1':
    resolution: {integrity: sha512-RKt8NI9tebzmEthMnfVgG3i/XeECkMPS+ibVZjZ6mNekpbbUmkNWuIN2yHsb/mBPyZke4nlI4YqIdFPgKuoyQQ==}
    cpu: [s390x]
    os: [linux]
    libc: [glibc]

  '@rollup/rollup-linux-x64-gnu@4.32.1':
    resolution: {integrity: sha512-WQFLZ9c42ECqEjwg/GHHsouij3pzLXkFdz0UxHa/0OM12LzvX7DzedlY0SIEly2v18YZLRhCRoHZDxbBSWoGYg==}
    cpu: [x64]
    os: [linux]
    libc: [glibc]

  '@rollup/rollup-linux-x64-musl@4.32.1':
    resolution: {integrity: sha512-BLoiyHDOWoS3uccNSADMza6V6vCNiphi94tQlVIL5de+r6r/CCQuNnerf+1g2mnk2b6edp5dk0nhdZ7aEjOBsA==}
    cpu: [x64]
    os: [linux]
    libc: [musl]

  '@rollup/rollup-win32-arm64-msvc@4.32.1':
    resolution: {integrity: sha512-w2l3UnlgYTNNU+Z6wOR8YdaioqfEnwPjIsJ66KxKAf0p+AuL2FHeTX6qvM+p/Ue3XPBVNyVSfCrfZiQh7vZHLQ==}
    cpu: [arm64]
    os: [win32]

  '@rollup/rollup-win32-ia32-msvc@4.32.1':
    resolution: {integrity: sha512-Am9H+TGLomPGkBnaPWie4F3x+yQ2rr4Bk2jpwy+iV+Gel9jLAu/KqT8k3X4jxFPW6Zf8OMnehyutsd+eHoq1WQ==}
    cpu: [ia32]
    os: [win32]

  '@rollup/rollup-win32-x64-msvc@4.32.1':
    resolution: {integrity: sha512-ar80GhdZb4DgmW3myIS9nRFYcpJRSME8iqWgzH2i44u+IdrzmiXVxeFnExQ5v4JYUSpg94bWjevMG8JHf1Da5Q==}
    cpu: [x64]
    os: [win32]

  '@swc/core-darwin-arm64@1.10.12':
    resolution: {integrity: sha512-pOANQegUTAriW7jq3SSMZGM5l89yLVMs48R0F2UG6UZsH04SiViCnDctOGlA/Sa++25C+rL9MGMYM1jDLylBbg==}
    engines: {node: '>=10'}
    cpu: [arm64]
    os: [darwin]

  '@swc/core-darwin-x64@1.10.12':
    resolution: {integrity: sha512-m4kbpIDDsN1FrwfNQMU+FTrss356xsXvatLbearwR+V0lqOkjLBP0VmRvQfHEg+uy13VPyrT9gj4HLoztlci7w==}
    engines: {node: '>=10'}
    cpu: [x64]
    os: [darwin]

  '@swc/core-linux-arm-gnueabihf@1.10.12':
    resolution: {integrity: sha512-OY9LcupgqEu8zVK+rJPes6LDJJwPDmwaShU96beTaxX2K6VrXbpwm5WbPS/8FfQTsmpnuA7dCcMPUKhNgmzTrQ==}
    engines: {node: '>=10'}
    cpu: [arm]
    os: [linux]

  '@swc/core-linux-arm64-gnu@1.10.12':
    resolution: {integrity: sha512-nJD587rO0N4y4VZszz3xzVr7JIiCzSMhEMWnPjuh+xmPxDBz0Qccpr8xCr1cSxpl1uY7ERkqAGlKr6CwoV5kVg==}
    engines: {node: '>=10'}
    cpu: [arm64]
    os: [linux]
    libc: [glibc]

  '@swc/core-linux-arm64-musl@1.10.12':
    resolution: {integrity: sha512-oqhSmV+XauSf0C//MoQnVErNUB/5OzmSiUzuazyLsD5pwqKNN+leC3JtRQ/QVzaCpr65jv9bKexT9+I2Tt3xDw==}
    engines: {node: '>=10'}
    cpu: [arm64]
    os: [linux]
    libc: [musl]

  '@swc/core-linux-x64-gnu@1.10.12':
    resolution: {integrity: sha512-XldSIHyjD7m1Gh+/8rxV3Ok711ENLI420CU2EGEqSe3VSGZ7pHJvJn9ZFbYpWhsLxPqBYMFjp3Qw+J6OXCPXCA==}
    engines: {node: '>=10'}
    cpu: [x64]
    os: [linux]
    libc: [glibc]

  '@swc/core-linux-x64-musl@1.10.12':
    resolution: {integrity: sha512-wvPXzJxzPgTqhyp1UskOx1hRTtdWxlyFD1cGWOxgLsMik0V9xKRgqKnMPv16Nk7L9xl6quQ6DuUHj9ID7L3oVw==}
    engines: {node: '>=10'}
    cpu: [x64]
    os: [linux]
    libc: [musl]

  '@swc/core-win32-arm64-msvc@1.10.12':
    resolution: {integrity: sha512-TUYzWuu1O7uyIcRfxdm6Wh1u+gNnrW5M1DUgDOGZLsyQzgc2Zjwfh2llLhuAIilvCVg5QiGbJlpibRYJ/8QGsg==}
    engines: {node: '>=10'}
    cpu: [arm64]
    os: [win32]

  '@swc/core-win32-ia32-msvc@1.10.12':
    resolution: {integrity: sha512-4Qrw+0Xt+Fe2rz4OJ/dEPMeUf/rtuFWWAj/e0vL7J5laUHirzxawLRE5DCJLQTarOiYR6mWnmadt9o3EKzV6Xg==}
    engines: {node: '>=10'}
    cpu: [ia32]
    os: [win32]

  '@swc/core-win32-x64-msvc@1.10.12':
    resolution: {integrity: sha512-YiloZXLW7rUxJpALwHXaGjVaAEn+ChoblG7/3esque+Y7QCyheoBUJp2DVM1EeVA43jBfZ8tvYF0liWd9Tpz1A==}
    engines: {node: '>=10'}
    cpu: [x64]
    os: [win32]

  '@swc/core@1.10.12':
    resolution: {integrity: sha512-+iUL0PYpPm6N9AdV1wvafakvCqFegQus1aoEDxgFsv3/uNVNIyRaupf/v/Zkp5hbep2EzhtoJR0aiJIzDbXWHg==}
    engines: {node: '>=10'}
    peerDependencies:
      '@swc/helpers': '*'
    peerDependenciesMeta:
      '@swc/helpers':
        optional: true

  '@swc/counter@0.1.3':
    resolution: {integrity: sha512-e2BR4lsJkkRlKZ/qCHPw9ZaSxc0MVUd7gtbtaB7aMvHeJVYe8sOB8DBZkP2DtISHGSku9sCK6T6cnY0CtXrOCQ==}

  '@swc/types@0.1.17':
    resolution: {integrity: sha512-V5gRru+aD8YVyCOMAjMpWR1Ui577DD5KSJsHP8RAxopAH22jFz6GZd/qxqjO6MJHQhcsjvjOFXyDhyLQUnMveQ==}

  '@tailwindcss/node@4.0.1':
    resolution: {integrity: sha512-lc+ly6PKHqgCVl7eO8D2JlV96Lks5bmL6pdtM6UasyUHLU2zmrOqU6jfgln120IVnCh3VC8GG/ca24xVTtSokw==}

  '@tailwindcss/oxide-android-arm64@4.0.1':
    resolution: {integrity: sha512-eP/rI9WaAElpeiiHDqGtDqga9iDsOClXxIqdHayHsw93F24F03b60CwgGhrGF9Io/EuWIpz3TMRhPVOLhoXivw==}
    engines: {node: '>= 10'}
    cpu: [arm64]
    os: [android]

  '@tailwindcss/oxide-darwin-arm64@4.0.1':
    resolution: {integrity: sha512-jZVUo0kNd1IjxdCYwg4dwegDNsq7PoUx4LM814RmgY3gfJ63Y6GlpJXHOpd5FLv1igpeZox5LzRk2oz8MQoJwQ==}
    engines: {node: '>= 10'}
    cpu: [arm64]
    os: [darwin]

  '@tailwindcss/oxide-darwin-x64@4.0.1':
    resolution: {integrity: sha512-E31wHiIf4LB0aKRohrS4U6XfFSACCL9ifUFfPQ16FhcBIL4wU5rcBidvWvT9TQFGPkpE69n5dyXUcqiMrnF/Ig==}
    engines: {node: '>= 10'}
    cpu: [x64]
    os: [darwin]

  '@tailwindcss/oxide-freebsd-x64@4.0.1':
    resolution: {integrity: sha512-8/3ZKLMYqgAsBzTeczOKWtT4geF02g9S7cntY5gvqQZ4E0ImX724cHcZJi9k6fkE6aLbvwxxHxaShFvRxblwKQ==}
    engines: {node: '>= 10'}
    cpu: [x64]
    os: [freebsd]

  '@tailwindcss/oxide-linux-arm-gnueabihf@4.0.1':
    resolution: {integrity: sha512-EYjbh225klQfWzy6LeIAfdjHCK+p71yLV/GjdPNW47Bfkkq05fTzIhHhCgshUvNp78EIA33iQU+ktWpW06NgHw==}
    engines: {node: '>= 10'}
    cpu: [arm]
    os: [linux]

  '@tailwindcss/oxide-linux-arm64-gnu@4.0.1':
    resolution: {integrity: sha512-PrX2SwIqWNP5cYeSyQfrhbk4ffOM338T6CrEwIAGvLPoUZiklt19yknlsBme6bReSw7TSAMy+8KFdLLi5fcWNQ==}
    engines: {node: '>= 10'}
    cpu: [arm64]
    os: [linux]
    libc: [glibc]

  '@tailwindcss/oxide-linux-arm64-musl@4.0.1':
    resolution: {integrity: sha512-iuoFGhKDojtfloi5uj6MIk4kxEOGcsAk/kPbZItF9Dp7TnzVhxo2U/718tXhxGrg6jSL3ST3cQHIjA6yw3OeXw==}
    engines: {node: '>= 10'}
    cpu: [arm64]
    os: [linux]
    libc: [musl]

  '@tailwindcss/oxide-linux-x64-gnu@4.0.1':
    resolution: {integrity: sha512-pNUrGQYyE8RK+N9yvkPmHnlKDfFbni9A3lsi37u4RoA/6Yn+zWVoegvAQMZu3w+jqnpb2A/bYJ+LumcclUZ3yg==}
    engines: {node: '>= 10'}
    cpu: [x64]
    os: [linux]
    libc: [glibc]

  '@tailwindcss/oxide-linux-x64-musl@4.0.1':
    resolution: {integrity: sha512-xSGWaDcT6SJ75su9zWXj8GYb2jM/przXwZGH96RTS7HGDIoI1tvgpls88YajG5Sx7hXaqAWCufjw5L/dlu+lzg==}
    engines: {node: '>= 10'}
    cpu: [x64]
    os: [linux]
    libc: [musl]

  '@tailwindcss/oxide-win32-arm64-msvc@4.0.1':
    resolution: {integrity: sha512-BUNL2isUZ2yWnbplPddggJpZxsqGHPZ1RJAYpu63W4znUnKCzI4m/jiy0WpyYqqOKL9jDM5q0QdsQ9mc3aw5YQ==}
    engines: {node: '>= 10'}
    cpu: [arm64]
    os: [win32]

  '@tailwindcss/oxide-win32-x64-msvc@4.0.1':
    resolution: {integrity: sha512-ZtcVu+XXOddGsPlvO5nh2fnbKmwly2C07ZB1lcYCf/b8qIWF04QY9o6vy6/+6ioLRfbp3E7H/ipFio38DZX4oQ==}
    engines: {node: '>= 10'}
    cpu: [x64]
    os: [win32]

  '@tailwindcss/oxide@4.0.1':
    resolution: {integrity: sha512-3z1SpWoDeaA6K6jd92CRrGyDghOcRILEgyWVHRhaUm/tcpiazwJpU9BSG0xB7GGGnl9capojaC+zme/nKsZd/w==}
    engines: {node: '>= 10'}

  '@tailwindcss/vite@4.0.1':
    resolution: {integrity: sha512-ZkwMBA7uR+nyrafIZI8ce3PduE0dDVFVmxmInCUPTN17Jgy6RfEPXzqtL5fz658eDDxKa5xZ+gmiTt+5AMD0pw==}
    peerDependencies:
      vite: ^5.2.0 || ^6

  '@tauri-apps/api@2.2.0':
    resolution: {integrity: sha512-R8epOeZl1eJEl603aUMIGb4RXlhPjpgxbGVEaqY+0G5JG9vzV/clNlzTeqc+NLYXVqXcn8mb4c5b9pJIUDEyAg==}

  '@tauri-apps/cli-darwin-arm64@2.2.7':
    resolution: {integrity: sha512-54kcpxZ3X1Rq+pPTzk3iIcjEVY4yv493uRx/80rLoAA95vAC0c//31Whz75UVddDjJfZvXlXZ3uSZ+bnCOnt0A==}
    engines: {node: '>= 10'}
    cpu: [arm64]
    os: [darwin]

  '@tauri-apps/cli-darwin-x64@2.2.7':
    resolution: {integrity: sha512-Vgu2XtBWemLnarB+6LqQeLanDlRj7CeFN//H8bVVdjbNzxcSxsvbLYMBP8+3boa7eBnjDrqMImRySSgL6IrwTw==}
    engines: {node: '>= 10'}
    cpu: [x64]
    os: [darwin]

  '@tauri-apps/cli-linux-arm-gnueabihf@2.2.7':
    resolution: {integrity: sha512-+Clha2iQAiK9zoY/KKW0KLHkR0k36O78YLx5Sl98tWkwI3OBZFg5H5WT1plH/4sbZIS2aLFN6dw58/JlY9Bu/g==}
    engines: {node: '>= 10'}
    cpu: [arm]
    os: [linux]

  '@tauri-apps/cli-linux-arm64-gnu@2.2.7':
    resolution: {integrity: sha512-Z/Lp4SQe6BUEOays9BQAEum2pvZF4w9igyXijP+WbkOejZx4cDvarFJ5qXrqSLmBh7vxrdZcLwoLk9U//+yQrg==}
    engines: {node: '>= 10'}
    cpu: [arm64]
    os: [linux]
    libc: [glibc]

  '@tauri-apps/cli-linux-arm64-musl@2.2.7':
    resolution: {integrity: sha512-+8HZ+txff/Y3YjAh80XcLXcX8kpGXVdr1P8AfjLHxHdS6QD4Md+acSxGTTNbplmHuBaSHJvuTvZf9tU1eDCTDg==}
    engines: {node: '>= 10'}
    cpu: [arm64]
    os: [linux]
    libc: [musl]

  '@tauri-apps/cli-linux-x64-gnu@2.2.7':
    resolution: {integrity: sha512-ahlSnuCnUntblp9dG7/w5ZWZOdzRFi3zl0oScgt7GF4KNAOEa7duADsxPA4/FT2hLRa0SvpqtD4IYFvCxoVv3Q==}
    engines: {node: '>= 10'}
    cpu: [x64]
    os: [linux]
    libc: [glibc]

  '@tauri-apps/cli-linux-x64-musl@2.2.7':
    resolution: {integrity: sha512-+qKAWnJRSX+pjjRbKAQgTdFY8ecdcu8UdJ69i7wn3ZcRn2nMMzOO2LOMOTQV42B7/Q64D1pIpmZj9yblTMvadA==}
    engines: {node: '>= 10'}
    cpu: [x64]
    os: [linux]
    libc: [musl]

  '@tauri-apps/cli-win32-arm64-msvc@2.2.7':
    resolution: {integrity: sha512-aa86nRnrwT04u9D9fhf5JVssuAZlUCCc8AjqQjqODQjMd4BMA2+d4K9qBMpEG/1kVh95vZaNsLogjEaqSTTw4A==}
    engines: {node: '>= 10'}
    cpu: [arm64]
    os: [win32]

  '@tauri-apps/cli-win32-ia32-msvc@2.2.7':
    resolution: {integrity: sha512-EiJ5/25tLSQOSGvv+t6o3ZBfOTKB5S3vb+hHQuKbfmKdRF0XQu2YPdIi1CQw1DU97ZAE0Dq4frvnyYEKWgMzVQ==}
    engines: {node: '>= 10'}
    cpu: [ia32]
    os: [win32]

  '@tauri-apps/cli-win32-x64-msvc@2.2.7':
    resolution: {integrity: sha512-ZB8Kw90j8Ld+9tCWyD2fWCYfIrzbQohJ4DJSidNwbnehlZzP7wAz6Z3xjsvUdKtQ3ibtfoeTqVInzCCEpI+pWg==}
    engines: {node: '>= 10'}
    cpu: [x64]
    os: [win32]

  '@tauri-apps/cli@2.2.7':
    resolution: {integrity: sha512-ZnsS2B4BplwXP37celanNANiIy8TCYhvg5RT09n72uR/o+navFZtGpFSqljV8fy1Y4ixIPds8FrGSXJCN2BerA==}
    engines: {node: '>= 10'}
    hasBin: true

  '@tauri-apps/plugin-opener@2.2.5':
    resolution: {integrity: sha512-hHsJ9RPWpZvZEPVFaL+d25gABMUMOf/A6ESXnvf/ii9guTukj58WXsAE/SOysXRIhej7kseRCxnOnIMpSCdUsQ==}

  '@types/estree@1.0.6':
    resolution: {integrity: sha512-AYnb1nQyY49te+VRAVgmzfcgjYS91mY5P0TKUDCLEM+gNnA+3T6rWITXRLYCpahpqSQbN5cE+gHpnPyXjHWxcw==}

  '@types/prop-types@15.7.14':
    resolution: {integrity: sha512-gNMvNH49DJ7OJYv+KAKn0Xp45p8PLl6zo2YnvDIbTd4J6MER2BmWN49TG7n9LvkyihINxeKW8+3bfS2yDC9dzQ==}

  '@types/react-dom@18.3.5':
    resolution: {integrity: sha512-P4t6saawp+b/dFrUr2cvkVsfvPguwsxtH6dNIYRllMsefqFzkZk5UIjzyDOv5g1dXIPdG4Sp1yCR4Z6RCUsG/Q==}
    peerDependencies:
      '@types/react': ^18.0.0

  '@types/react@18.3.18':
    resolution: {integrity: sha512-t4yC+vtgnkYjNSKlFx1jkAhH8LgTo2N/7Qvi83kdEaUtMDiwpbLAktKDaAMlRcJ5eSxZkH74eEGt1ky31d7kfQ==}

  '@vitejs/plugin-react-swc@3.7.2':
    resolution: {integrity: sha512-y0byko2b2tSVVf5Gpng1eEhX1OvPC7x8yns1Fx8jDzlJp4LS6CMkCPfLw47cjyoMrshQDoQw4qcgjsU9VvlCew==}
    peerDependencies:
      vite: ^4 || ^5 || ^6

  csstype@3.1.3:
    resolution: {integrity: sha512-M1uQkMl8rQK/szD0LNhtqxIPLpimGm8sOBwU7lLnCpSbTyY3yeU1Vc7l4KT5zT4s/yOxHH5O7tIuuLOCnLADRw==}

  detect-libc@1.0.3:
    resolution: {integrity: sha512-pGjwhsmsp4kL2RTz08wcOlGN83otlqHeD/Z5T8GXZB+/YcpQ/dgo+lbU8ZsGxV0HIvqqxo9l7mqYwyYMD9bKDg==}
    engines: {node: '>=0.10'}
    hasBin: true

  enhanced-resolve@5.18.0:
    resolution: {integrity: sha512-0/r0MySGYG8YqlayBZ6MuCfECmHFdJ5qyPh8s8wa5Hnm6SaFLSK1VYCbj+NKp090Nm1caZhD+QTnmxO7esYGyQ==}
    engines: {node: '>=10.13.0'}

  esbuild@0.24.2:
    resolution: {integrity: sha512-+9egpBW8I3CD5XPe0n6BfT5fxLzxrlDzqydF3aviG+9ni1lDC/OvMHcxqEFV0+LANZG5R1bFMWfUrjVsdwxJvA==}
    engines: {node: '>=18'}
    hasBin: true

  fsevents@2.3.3:
    resolution: {integrity: sha512-5xoDfX+fL7faATnagmWPpbFtwh/R77WmMMqqHGS65C3vvB0YHrgF+B1YmZ3441tMj5n63k0212XNoJwzlhffQw==}
    engines: {node: ^8.16.0 || ^10.6.0 || >=11.0.0}
    os: [darwin]

  graceful-fs@4.2.11:
    resolution: {integrity: sha512-RbJ5/jmFcNNCcDV5o9eTnBLJ/HszWV0P73bc+Ff4nS/rJj+YaS6IGyiOL0VoBYX+l1Wrl3k63h/KrH+nhJ0XvQ==}

  jiti@2.4.2:
    resolution: {integrity: sha512-rg9zJN+G4n2nfJl5MW3BMygZX56zKPNVEYYqq7adpmMh4Jn2QNEwhvQlFy6jPVdcod7txZtKHWnyZiA3a0zP7A==}
    hasBin: true

  js-tokens@4.0.0:
    resolution: {integrity: sha512-RdJUflcE3cUzKiMqQgsCu06FPu9UdIJO0beYbPhHN4k6apgJtifcoCtT9bcxOpYBtpD2kCM6Sbzg4CausW/PKQ==}

  lightningcss-darwin-arm64@1.29.1:
    resolution: {integrity: sha512-HtR5XJ5A0lvCqYAoSv2QdZZyoHNttBpa5EP9aNuzBQeKGfbyH5+UipLWvVzpP4Uml5ej4BYs5I9Lco9u1fECqw==}
    engines: {node: '>= 12.0.0'}
    cpu: [arm64]
    os: [darwin]

  lightningcss-darwin-x64@1.29.1:
    resolution: {integrity: sha512-k33G9IzKUpHy/J/3+9MCO4e+PzaFblsgBjSGlpAaFikeBFm8B/CkO3cKU9oI4g+fjS2KlkLM/Bza9K/aw8wsNA==}
    engines: {node: '>= 12.0.0'}
    cpu: [x64]
    os: [darwin]

  lightningcss-freebsd-x64@1.29.1:
    resolution: {integrity: sha512-0SUW22fv/8kln2LnIdOCmSuXnxgxVC276W5KLTwoehiO0hxkacBxjHOL5EtHD8BAXg2BvuhsJPmVMasvby3LiQ==}
    engines: {node: '>= 12.0.0'}
    cpu: [x64]
    os: [freebsd]

  lightningcss-linux-arm-gnueabihf@1.29.1:
    resolution: {integrity: sha512-sD32pFvlR0kDlqsOZmYqH/68SqUMPNj+0pucGxToXZi4XZgZmqeX/NkxNKCPsswAXU3UeYgDSpGhu05eAufjDg==}
    engines: {node: '>= 12.0.0'}
    cpu: [arm]
    os: [linux]

  lightningcss-linux-arm64-gnu@1.29.1:
    resolution: {integrity: sha512-0+vClRIZ6mmJl/dxGuRsE197o1HDEeeRk6nzycSy2GofC2JsY4ifCRnvUWf/CUBQmlrvMzt6SMQNMSEu22csWQ==}
    engines: {node: '>= 12.0.0'}
    cpu: [arm64]
    os: [linux]
    libc: [glibc]

  lightningcss-linux-arm64-musl@1.29.1:
    resolution: {integrity: sha512-UKMFrG4rL/uHNgelBsDwJcBqVpzNJbzsKkbI3Ja5fg00sgQnHw/VrzUTEc4jhZ+AN2BvQYz/tkHu4vt1kLuJyw==}
    engines: {node: '>= 12.0.0'}
    cpu: [arm64]
    os: [linux]
    libc: [musl]

  lightningcss-linux-x64-gnu@1.29.1:
    resolution: {integrity: sha512-u1S+xdODy/eEtjADqirA774y3jLcm8RPtYztwReEXoZKdzgsHYPl0s5V52Tst+GKzqjebkULT86XMSxejzfISw==}
    engines: {node: '>= 12.0.0'}
    cpu: [x64]
    os: [linux]
    libc: [glibc]

  lightningcss-linux-x64-musl@1.29.1:
    resolution: {integrity: sha512-L0Tx0DtaNUTzXv0lbGCLB/c/qEADanHbu4QdcNOXLIe1i8i22rZRpbT3gpWYsCh9aSL9zFujY/WmEXIatWvXbw==}
    engines: {node: '>= 12.0.0'}
    cpu: [x64]
    os: [linux]
    libc: [musl]

  lightningcss-win32-arm64-msvc@1.29.1:
    resolution: {integrity: sha512-QoOVnkIEFfbW4xPi+dpdft/zAKmgLgsRHfJalEPYuJDOWf7cLQzYg0DEh8/sn737FaeMJxHZRc1oBreiwZCjog==}
    engines: {node: '>= 12.0.0'}
    cpu: [arm64]
    os: [win32]

  lightningcss-win32-x64-msvc@1.29.1:
    resolution: {integrity: sha512-NygcbThNBe4JElP+olyTI/doBNGJvLs3bFCRPdvuCcxZCcCZ71B858IHpdm7L1btZex0FvCmM17FK98Y9MRy1Q==}
    engines: {node: '>= 12.0.0'}
    cpu: [x64]
    os: [win32]

  lightningcss@1.29.1:
    resolution: {integrity: sha512-FmGoeD4S05ewj+AkhTY+D+myDvXI6eL27FjHIjoyUkO/uw7WZD1fBVs0QxeYWa7E17CUHJaYX/RUGISCtcrG4Q==}
    engines: {node: '>= 12.0.0'}

  loose-envify@1.4.0:
    resolution: {integrity: sha512-lyuxPGr/Wfhrlem2CL/UcnUc1zcqKAImBDzukY7Y5F/yQiNdko6+fRLevlw1HgMySw7f611UIY408EtxRSoK3Q==}
    hasBin: true

  nanoid@3.3.8:
    resolution: {integrity: sha512-WNLf5Sd8oZxOm+TzppcYk8gVOgP+l58xNy58D0nbUnOxOWRWvlcCV4kUF7ltmI6PsrLl/BgKEyS4mqsGChFN0w==}
    engines: {node: ^10 || ^12 || ^13.7 || ^14 || >=15.0.1}
    hasBin: true

  picocolors@1.1.1:
    resolution: {integrity: sha512-xceH2snhtb5M9liqDsmEw56le376mTZkEX/jEb/RxNFyegNul7eNslCXP9FDj/Lcu0X8KEyMceP2ntpaHrDEVA==}

  postcss@8.5.1:
    resolution: {integrity: sha512-6oz2beyjc5VMn/KV1pPw8fliQkhBXrVn1Z3TVyqZxU8kZpzEKhBdmCFqI6ZbmGtamQvQGuU1sgPTk8ZrXDD7jQ==}
    engines: {node: ^10 || ^12 || >=14}

  react-dom@18.3.1:
    resolution: {integrity: sha512-5m4nQKp+rZRb09LNH59GM4BxTh9251/ylbKIbpe7TpGxfJ+9kv6BLkLBXIjjspbgbnIBNqlI23tRnTWT0snUIw==}
    peerDependencies:
      react: ^18.3.1

  react@18.3.1:
    resolution: {integrity: sha512-wS+hAgJShR0KhEvPJArfuPVN1+Hz1t0Y6n5jLrGQbkb4urgPE/0Rve+1kMB1v/oWgHgm4WIcV+i7F2pTVj+2iQ==}
    engines: {node: '>=0.10.0'}

  rollup@4.32.1:
    resolution: {integrity: sha512-z+aeEsOeEa3mEbS1Tjl6sAZ8NE3+AalQz1RJGj81M+fizusbdDMoEJwdJNHfaB40Scr4qNu+welOfes7maKonA==}
    engines: {node: '>=18.0.0', npm: '>=8.0.0'}
    hasBin: true

  scheduler@0.23.2:
    resolution: {integrity: sha512-UOShsPwz7NrMUqhR6t0hWjFduvOzbtv7toDH1/hIrfRNIDBnnBWd0CwJTGvTpngVlmwGCdP9/Zl/tVrDqcuYzQ==}

  source-map-js@1.2.1:
    resolution: {integrity: sha512-UXWMKhLOwVKb728IUtQPXxfYU+usdybtUrK/8uGE8CQMvrhOpwvzDBwj0QhSL7MQc7vIsISBG8VQ8+IDQxpfQA==}
    engines: {node: '>=0.10.0'}

  tailwindcss@4.0.1:
    resolution: {integrity: sha512-UK5Biiit/e+r3i0O223bisoS5+y7ZT1PM8Ojn0MxRHzXN1VPZ2KY6Lo6fhu1dOfCfyUAlK7Lt6wSxowRabATBw==}

  tapable@2.2.1:
    resolution: {integrity: sha512-GNzQvQTOIP6RyTfE2Qxb8ZVlNmw0n88vp1szwWRimP02mnTsx3Wtn5qRdqY9w2XduFNUgvOwhNnQsjwCp+kqaQ==}
    engines: {node: '>=6'}

  typescript@5.6.3:
    resolution: {integrity: sha512-hjcS1mhfuyi4WW8IWtjP7brDrG2cuDZukyrYrSauoXGNgx0S7zceP07adYkJycEr56BOUTNPzbInooiN3fn1qw==}
    engines: {node: '>=14.17'}
    hasBin: true

  vite@6.0.11:
    resolution: {integrity: sha512-4VL9mQPKoHy4+FE0NnRE/kbY51TOfaknxAjt3fJbGJxhIpBZiqVzlZDEesWWsuREXHwNdAoOFZ9MkPEVXczHwg==}
    engines: {node: ^18.0.0 || ^20.0.0 || >=22.0.0}
    hasBin: true
    peerDependencies:
      '@types/node': ^18.0.0 || ^20.0.0 || >=22.0.0
      jiti: '>=1.21.0'
      less: '*'
      lightningcss: ^1.21.0
      sass: '*'
      sass-embedded: '*'
      stylus: '*'
      sugarss: '*'
      terser: ^5.16.0
      tsx: ^4.8.1
      yaml: ^2.4.2
    peerDependenciesMeta:
      '@types/node':
        optional: true
      jiti:
        optional: true
      less:
        optional: true
      lightningcss:
        optional: true
      sass:
        optional: true
      sass-embedded:
        optional: true
      stylus:
        optional: true
      sugarss:
        optional: true
      terser:
        optional: true
      tsx:
        optional: true
      yaml:
        optional: true

snapshots:

  '@esbuild/aix-ppc64@0.24.2':
    optional: true

  '@esbuild/android-arm64@0.24.2':
    optional: true

  '@esbuild/android-arm@0.24.2':
    optional: true

  '@esbuild/android-x64@0.24.2':
    optional: true

  '@esbuild/darwin-arm64@0.24.2':
    optional: true

  '@esbuild/darwin-x64@0.24.2':
    optional: true

  '@esbuild/freebsd-arm64@0.24.2':
    optional: true

  '@esbuild/freebsd-x64@0.24.2':
    optional: true

  '@esbuild/linux-arm64@0.24.2':
    optional: true

  '@esbuild/linux-arm@0.24.2':
    optional: true

  '@esbuild/linux-ia32@0.24.2':
    optional: true

  '@esbuild/linux-loong64@0.24.2':
    optional: true

  '@esbuild/linux-mips64el@0.24.2':
    optional: true

  '@esbuild/linux-ppc64@0.24.2':
    optional: true

  '@esbuild/linux-riscv64@0.24.2':
    optional: true

  '@esbuild/linux-s390x@0.24.2':
    optional: true

  '@esbuild/linux-x64@0.24.2':
    optional: true

  '@esbuild/netbsd-arm64@0.24.2':
    optional: true

  '@esbuild/netbsd-x64@0.24.2':
    optional: true

  '@esbuild/openbsd-arm64@0.24.2':
    optional: true

  '@esbuild/openbsd-x64@0.24.2':
    optional: true

  '@esbuild/sunos-x64@0.24.2':
    optional: true

  '@esbuild/win32-arm64@0.24.2':
    optional: true

  '@esbuild/win32-ia32@0.24.2':
    optional: true

  '@esbuild/win32-x64@0.24.2':
    optional: true

  '@rollup/rollup-android-arm-eabi@4.32.1':
    optional: true

  '@rollup/rollup-android-arm64@4.32.1':
    optional: true

  '@rollup/rollup-darwin-arm64@4.32.1':
    optional: true

  '@rollup/rollup-darwin-x64@4.32.1':
    optional: true

  '@rollup/rollup-freebsd-arm64@4.32.1':
    optional: true

  '@rollup/rollup-freebsd-x64@4.32.1':
    optional: true

  '@rollup/rollup-linux-arm-gnueabihf@4.32.1':
    optional: true

  '@rollup/rollup-linux-arm-musleabihf@4.32.1':
    optional: true

  '@rollup/rollup-linux-arm64-gnu@4.32.1':
    optional: true

  '@rollup/rollup-linux-arm64-musl@4.32.1':
    optional: true

  '@rollup/rollup-linux-loongarch64-gnu@4.32.1':
    optional: true

  '@rollup/rollup-linux-powerpc64le-gnu@4.32.1':
    optional: true

  '@rollup/rollup-linux-riscv64-gnu@4.32.1':
    optional: true

  '@rollup/rollup-linux-s390x-gnu@4.32.1':
    optional: true

  '@rollup/rollup-linux-x64-gnu@4.32.1':
    optional: true

  '@rollup/rollup-linux-x64-musl@4.32.1':
    optional: true

  '@rollup/rollup-win32-arm64-msvc@4.32.1':
    optional: true

  '@rollup/rollup-win32-ia32-msvc@4.32.1':
    optional: true

  '@rollup/rollup-win32-x64-msvc@4.32.1':
    optional: true

  '@swc/core-darwin-arm64@1.10.12':
    optional: true

  '@swc/core-darwin-x64@1.10.12':
    optional: true

  '@swc/core-linux-arm-gnueabihf@1.10.12':
    optional: true

  '@swc/core-linux-arm64-gnu@1.10.12':
    optional: true

  '@swc/core-linux-arm64-musl@1.10.12':
    optional: true

  '@swc/core-linux-x64-gnu@1.10.12':
    optional: true

  '@swc/core-linux-x64-musl@1.10.12':
    optional: true

  '@swc/core-win32-arm64-msvc@1.10.12':
    optional: true

  '@swc/core-win32-ia32-msvc@1.10.12':
    optional: true

  '@swc/core-win32-x64-msvc@1.10.12':
    optional: true

  '@swc/core@1.10.12':
    dependencies:
      '@swc/counter': 0.1.3
      '@swc/types': 0.1.17
    optionalDependencies:
      '@swc/core-darwin-arm64': 1.10.12
      '@swc/core-darwin-x64': 1.10.12
      '@swc/core-linux-arm-gnueabihf': 1.10.12
      '@swc/core-linux-arm64-gnu': 1.10.12
      '@swc/core-linux-arm64-musl': 1.10.12
      '@swc/core-linux-x64-gnu': 1.10.12
      '@swc/core-linux-x64-musl': 1.10.12
      '@swc/core-win32-arm64-msvc': 1.10.12
      '@swc/core-win32-ia32-msvc': 1.10.12
      '@swc/core-win32-x64-msvc': 1.10.12

  '@swc/counter@0.1.3': {}

  '@swc/types@0.1.17':
    dependencies:
      '@swc/counter': 0.1.3

  '@tailwindcss/node@4.0.1':
    dependencies:
      enhanced-resolve: 5.18.0
      jiti: 2.4.2
      tailwindcss: 4.0.1

  '@tailwindcss/oxide-android-arm64@4.0.1':
    optional: true

  '@tailwindcss/oxide-darwin-arm64@4.0.1':
    optional: true

  '@tailwindcss/oxide-darwin-x64@4.0.1':
    optional: true

  '@tailwindcss/oxide-freebsd-x64@4.0.1':
    optional: true

  '@tailwindcss/oxide-linux-arm-gnueabihf@4.0.1':
    optional: true

  '@tailwindcss/oxide-linux-arm64-gnu@4.0.1':
    optional: true

  '@tailwindcss/oxide-linux-arm64-musl@4.0.1':
    optional: true

  '@tailwindcss/oxide-linux-x64-gnu@4.0.1':
    optional: true

  '@tailwindcss/oxide-linux-x64-musl@4.0.1':
    optional: true

  '@tailwindcss/oxide-win32-arm64-msvc@4.0.1':
    optional: true

  '@tailwindcss/oxide-win32-x64-msvc@4.0.1':
    optional: true

  '@tailwindcss/oxide@4.0.1':
    optionalDependencies:
      '@tailwindcss/oxide-android-arm64': 4.0.1
      '@tailwindcss/oxide-darwin-arm64': 4.0.1
      '@tailwindcss/oxide-darwin-x64': 4.0.1
      '@tailwindcss/oxide-freebsd-x64': 4.0.1
      '@tailwindcss/oxide-linux-arm-gnueabihf': 4.0.1
      '@tailwindcss/oxide-linux-arm64-gnu': 4.0.1
      '@tailwindcss/oxide-linux-arm64-musl': 4.0.1
      '@tailwindcss/oxide-linux-x64-gnu': 4.0.1
      '@tailwindcss/oxide-linux-x64-musl': 4.0.1
      '@tailwindcss/oxide-win32-arm64-msvc': 4.0.1
      '@tailwindcss/oxide-win32-x64-msvc': 4.0.1

  '@tailwindcss/vite@4.0.1(vite@6.0.11(jiti@2.4.2)(lightningcss@1.29.1))':
    dependencies:
      '@tailwindcss/node': 4.0.1
      '@tailwindcss/oxide': 4.0.1
      lightningcss: 1.29.1
      tailwindcss: 4.0.1
      vite: 6.0.11(jiti@2.4.2)(lightningcss@1.29.1)

  '@tauri-apps/api@2.2.0': {}

  '@tauri-apps/cli-darwin-arm64@2.2.7':
    optional: true

  '@tauri-apps/cli-darwin-x64@2.2.7':
    optional: true

  '@tauri-apps/cli-linux-arm-gnueabihf@2.2.7':
    optional: true

  '@tauri-apps/cli-linux-arm64-gnu@2.2.7':
    optional: true

  '@tauri-apps/cli-linux-arm64-musl@2.2.7':
    optional: true

  '@tauri-apps/cli-linux-x64-gnu@2.2.7':
    optional: true

  '@tauri-apps/cli-linux-x64-musl@2.2.7':
    optional: true

  '@tauri-apps/cli-win32-arm64-msvc@2.2.7':
    optional: true

  '@tauri-apps/cli-win32-ia32-msvc@2.2.7':
    optional: true

  '@tauri-apps/cli-win32-x64-msvc@2.2.7':
    optional: true

  '@tauri-apps/cli@2.2.7':
    optionalDependencies:
      '@tauri-apps/cli-darwin-arm64': 2.2.7
      '@tauri-apps/cli-darwin-x64': 2.2.7
      '@tauri-apps/cli-linux-arm-gnueabihf': 2.2.7
      '@tauri-apps/cli-linux-arm64-gnu': 2.2.7
      '@tauri-apps/cli-linux-arm64-musl': 2.2.7
      '@tauri-apps/cli-linux-x64-gnu': 2.2.7
      '@tauri-apps/cli-linux-x64-musl': 2.2.7
      '@tauri-apps/cli-win32-arm64-msvc': 2.2.7
      '@tauri-apps/cli-win32-ia32-msvc': 2.2.7
      '@tauri-apps/cli-win32-x64-msvc': 2.2.7

  '@tauri-apps/plugin-opener@2.2.5':
    dependencies:
      '@tauri-apps/api': 2.2.0

  '@types/estree@1.0.6': {}

  '@types/prop-types@15.7.14': {}

  '@types/react-dom@18.3.5(@types/react@18.3.18)':
    dependencies:
      '@types/react': 18.3.18

  '@types/react@18.3.18':
    dependencies:
      '@types/prop-types': 15.7.14
      csstype: 3.1.3

  '@vitejs/plugin-react-swc@3.7.2(vite@6.0.11(jiti@2.4.2)(lightningcss@1.29.1))':
    dependencies:
      '@swc/core': 1.10.12
      vite: 6.0.11(jiti@2.4.2)(lightningcss@1.29.1)
    transitivePeerDependencies:
      - '@swc/helpers'

  csstype@3.1.3: {}

  detect-libc@1.0.3: {}

  enhanced-resolve@5.18.0:
    dependencies:
      graceful-fs: 4.2.11
      tapable: 2.2.1

  esbuild@0.24.2:
    optionalDependencies:
      '@esbuild/aix-ppc64': 0.24.2
      '@esbuild/android-arm': 0.24.2
      '@esbuild/android-arm64': 0.24.2
      '@esbuild/android-x64': 0.24.2
      '@esbuild/darwin-arm64': 0.24.2
      '@esbuild/darwin-x64': 0.24.2
      '@esbuild/freebsd-arm64': 0.24.2
      '@esbuild/freebsd-x64': 0.24.2
      '@esbuild/linux-arm': 0.24.2
      '@esbuild/linux-arm64': 0.24.2
      '@esbuild/linux-ia32': 0.24.2
      '@esbuild/linux-loong64': 0.24.2
      '@esbuild/linux-mips64el': 0.24.2
      '@esbuild/linux-ppc64': 0.24.2
      '@esbuild/linux-riscv64': 0.24.2
      '@esbuild/linux-s390x': 0.24.2
      '@esbuild/linux-x64': 0.24.2
      '@esbuild/netbsd-arm64': 0.24.2
      '@esbuild/netbsd-x64': 0.24.2
      '@esbuild/openbsd-arm64': 0.24.2
      '@esbuild/openbsd-x64': 0.24.2
      '@esbuild/sunos-x64': 0.24.2
      '@esbuild/win32-arm64': 0.24.2
      '@esbuild/win32-ia32': 0.24.2
      '@esbuild/win32-x64': 0.24.2

  fsevents@2.3.3:
    optional: true

  graceful-fs@4.2.11: {}

  jiti@2.4.2: {}

  js-tokens@4.0.0: {}

  lightningcss-darwin-arm64@1.29.1:
    optional: true

  lightningcss-darwin-x64@1.29.1:
    optional: true

  lightningcss-freebsd-x64@1.29.1:
    optional: true

  lightningcss-linux-arm-gnueabihf@1.29.1:
    optional: true

  lightningcss-linux-arm64-gnu@1.29.1:
    optional: true

  lightningcss-linux-arm64-musl@1.29.1:
    optional: true

  lightningcss-linux-x64-gnu@1.29.1:
    optional: true

  lightningcss-linux-x64-musl@1.29.1:
    optional: true

  lightningcss-win32-arm64-msvc@1.29.1:
    optional: true

  lightningcss-win32-x64-msvc@1.29.1:
    optional: true

  lightningcss@1.29.1:
    dependencies:
      detect-libc: 1.0.3
    optionalDependencies:
      lightningcss-darwin-arm64: 1.29.1
      lightningcss-darwin-x64: 1.29.1
      lightningcss-freebsd-x64: 1.29.1
      lightningcss-linux-arm-gnueabihf: 1.29.1
      lightningcss-linux-arm64-gnu: 1.29.1
      lightningcss-linux-arm64-musl: 1.29.1
      lightningcss-linux-x64-gnu: 1.29.1
      lightningcss-linux-x64-musl: 1.29.1
      lightningcss-win32-arm64-msvc: 1.29.1
      lightningcss-win32-x64-msvc: 1.29.1

  loose-envify@1.4.0:
    dependencies:
      js-tokens: 4.0.0

  nanoid@3.3.8: {}

  picocolors@1.1.1: {}

  postcss@8.5.1:
    dependencies:
      nanoid: 3.3.8
      picocolors: 1.1.1
      source-map-js: 1.2.1

  react-dom@18.3.1(react@18.3.1):
    dependencies:
      loose-envify: 1.4.0
      react: 18.3.1
      scheduler: 0.23.2

  react@18.3.1:
    dependencies:
      loose-envify: 1.4.0

  rollup@4.32.1:
    dependencies:
      '@types/estree': 1.0.6
    optionalDependencies:
      '@rollup/rollup-android-arm-eabi': 4.32.1
      '@rollup/rollup-android-arm64': 4.32.1
      '@rollup/rollup-darwin-arm64': 4.32.1
      '@rollup/rollup-darwin-x64': 4.32.1
      '@rollup/rollup-freebsd-arm64': 4.32.1
      '@rollup/rollup-freebsd-x64': 4.32.1
      '@rollup/rollup-linux-arm-gnueabihf': 4.32.1
      '@rollup/rollup-linux-arm-musleabihf': 4.32.1
      '@rollup/rollup-linux-arm64-gnu': 4.32.1
      '@rollup/rollup-linux-arm64-musl': 4.32.1
      '@rollup/rollup-linux-loongarch64-gnu': 4.32.1
      '@rollup/rollup-linux-powerpc64le-gnu': 4.32.1
      '@rollup/rollup-linux-riscv64-gnu': 4.32.1
      '@rollup/rollup-linux-s390x-gnu': 4.32.1
      '@rollup/rollup-linux-x64-gnu': 4.32.1
      '@rollup/rollup-linux-x64-musl': 4.32.1
      '@rollup/rollup-win32-arm64-msvc': 4.32.1
      '@rollup/rollup-win32-ia32-msvc': 4.32.1
      '@rollup/rollup-win32-x64-msvc': 4.32.1
      fsevents: 2.3.3

  scheduler@0.23.2:
    dependencies:
      loose-envify: 1.4.0

  source-map-js@1.2.1: {}

  tailwindcss@4.0.1: {}

  tapable@2.2.1: {}

  typescript@5.6.3: {}

  vite@6.0.11(jiti@2.4.2)(lightningcss@1.29.1):
    dependencies:
      esbuild: 0.24.2
      postcss: 8.5.1
      rollup: 4.32.1
    optionalDependencies:
      fsevents: 2.3.3
      jiti: 2.4.2
      lightningcss: 1.29.1
